
Microsoft Visual Studio Solution File, Format Version 12.00
# Visual Studio Version 16
VisualStudioVersion = 16.0.28621.142
MinimumVisualStudioVersion = 10.0.40219.1
Project("{FAE04EC0-301F-11D3-BF4B-00C04F79EFBC}") = "RocketChatBot", "RocketChatBot\RocketChatBot.csproj", "{3C835E00-35E8-4DA4-A489-688A9627D08A}"
EndProject
Global
	GlobalSection(SolutionConfigurationPlatforms) = preSolution
		Debug|Any CPU = Debug|Any CPU
		Release|Any CPU = Release|Any CPU
	EndGlobalSection
	GlobalSection(ProjectConfigurationPlatforms) = postSolution
		{3C835E00-35E8-4DA4-A489-688A9627D08A}.Debug|Any CPU.ActiveCfg = Debug|Any CPU
		{3C835E00-35E8-4DA4-A489-688A9627D08A}.Debug|Any CPU.Build.0 = Debug|Any CPU
		{3C835E00-35E8-4DA4-A489-688A9627D08A}.Release|Any CPU.ActiveCfg = Release|Any CPU
		{3C835E00-35E8-4DA4-A489-688A9627D08A}.Release|Any CPU.Build.0 = Release|Any CPU
	EndGlobalSection
	GlobalSection(SolutionProperties) = preSolution
		HideSolutionNode = FALSE
	EndGlobalSection
	GlobalSection(ExtensibilityGlobals) = postSolution
		SolutionGuid = {AC739DBD-A99B-4CB6-91F7-117178381F01}
	EndGlobalSection
EndGlobal
